# This file is automatically @generated by Cargo.
# It is not intended for manual editing.
version = 4

[[package]]
name = "linggan-api"
version = "0.1.0"

[[package]]
name = "linggan-contracts"
version = "0.1.0"

[[package]]
name = "linggan-domain"
version = "0.1.0"

[[package]]
name = "linggan-evidence"
version = "0.1.0"

[[package]]
name = "linggan-intelligence"
version = "0.1.0"

[[package]]
name = "linggan-observation"
version = "0.1.0"

[[package]]
name = "linggan-storage-postgres"
version = "0.1.0"

[[package]]
name = "linggan-worker"
version = "0.1.0"
