# This file was autogenerated by uv via the following command:
#    uv pip compile requirements.in --python /opt/homebrew/bin/python3 --only-binary=:all: --generate-hashes --output-file requirements.lock
cloudpickle==3.1.2 \
    --hash=sha256:7fda9eb655c9c230dab534f1983763de5835249750e85fbcef43aaa30a9a2414 \
    --hash=sha256:9acb47f6afd73f60dc1df93bb801b472f05ff42fa6c84167d25cb206be1fbf4a
    # via joblib
faiss-cpu==1.15.0 \
    --hash=sha256:22dddb013e764aad66dac6cd15b49c7598d60339e0591b73b5e081629419c21b \
    --hash=sha256:30da3029952f0de69f16ce31946fd63fc3e292c867749bbcd2c0a0f09fd06f65 \
    --hash=sha256:37170d5e9ead4b6bfd9c314afc39e17e92064068a0c5a4063dd3f39568c2667e \
    --hash=sha256:50ea471ef1f4f3580eda8ab0ec9727d4bf65fd71c444bf306ce7cdbba8a42b21 \
    --hash=sha256:5b940897b317febaa761088513a3db164fad3ac71a5e1ed7be9a052c9bf1a447 \
    --hash=sha256:5d0a2d5d33fe023e263d0d355a837f20db67578e3be27fc5f4012a273274abf6 \
    --hash=sha256:88fbe1acac6978869063cb2f9477f85718da596a6e0a17751618f9c756bce255 \
    --hash=sha256:90169515a95ea58a9a95d419e518907927a8ef54c46788396365ec5902c9c8df \
    --hash=sha256:dd383bb1ce06fabcff5785f998f253aa88f88dcbe1fe36c922417cd6666dd896 \
    --hash=sha256:e0fe7278f3784b7d205ae715a115801cafb75f6e55db6b0fbe83c4ff379f003f \
    --hash=sha256:ec9b29aae29e428c085c2d49dbb02e4673cdea75db418d420f9e60e0b4184498
    # via -r requirements.in
hdbscan==0.8.44 \
    --hash=sha256:0f4fa78c76459e1e00282fd8d67a6834ca46ba232e38414f69bb1bacc2c263ce \
    --hash=sha256:1ac6196fabdd42072284b60c9be7b9b504b5f4f25cf7a551a8af29a3c7963a4d \
    --hash=sha256:2351eb81f21491b5b50bdc5ecaa2d88f58608f51f5906774cb38747f21b18053 \
    --hash=sha256:29bffe0ef8a8191e6cd5af3dc7fdf5e7f6334eea8fa39ee8488f2f16911c1cdf \
    --hash=sha256:3400d93a299228e86dec77cc114b834cdd48413f7999eaddaecba045c38ee915 \
    --hash=sha256:5ea248dcaca951861e811411bf3eb9954f932f3a90c8bbe5629b5ee8479e011e \
    --hash=sha256:6089b8accd805a3a7409b20247e29e54dea6118785771127a4fc6c5eda24f0ef \
    --hash=sha256:80101ed4897ecbbb5ec36358c4d4c5c38ce4e53b9da5996923d1ec72d21ce665 \
    --hash=sha256:91dac2f5668b946e3b6335bf6ea4c95fd446af45f7169cf0ab93fea34d4b0e73 \
    --hash=sha256:9256a7028f017b257c5eba05fe332a744a410c0dcb9971eaa9ed6c5efaac50d5 \
    --hash=sha256:be163d32e71a7ca9e3fd0c6867fdaa7a0c1989f3edc5048ba211beb3949eb96d \
    --hash=sha256:c72c1f357adfd9e9c0f402d7cc256bcf38a04ed833754661ec2600cc04e47c1b \
    --hash=sha256:cc4917a57f73984137bc6f14cddd1a140907102522174af8d8add42668a5e196 \
    --hash=sha256:d67f2b3628a80764a07fff3a994df2c6b2d9a6b9c8024edde7b36c184f6657f6 \
    --hash=sha256:df6d6268022747a60c9990cecf446bc7a71621ff92bc51c86f5958d1cd451870 \
    --hash=sha256:e83276c6147d1ec74359ac2d07b2df9d0deb5e248194660967bcde6437a8518c \
    --hash=sha256:f7ee278a8da6043671031079b245488ee27565f48a83616637dae0b2c4886ea1
    # via -r requirements.in
igraph==1.0.0 \
    --hash=sha256:05c79a2a8fca695b2f217a6fa7f2549f896f757d4db41be32a055400cb19cc30 \
    --hash=sha256:077dbff0edb8b4ce0f9fefdf325200346d9d5db02de31872b41743de08e67a16 \
    --hash=sha256:1a27753cd80680a8f676c2d5a467aaa4a95e510b30748398ec4e4aeb982130e8 \
    --hash=sha256:2414d0be2e4d77ee5357807d100974b40f6082bb1bb71988ec46cfb6728651ee \
    --hash=sha256:2d04c2c76f686fb1f554ee35dfd3085f5e73b7965ba6b4cf06d53e66b1955522 \
    --hash=sha256:3189c1a8e8a8f58009f3f729040eb3701254d074ed37245691d529869ec940c5 \
    --hash=sha256:a55dc3a2a4e3fc3eba42479910c1511bfc3ecb33cdf5f0406891fd85f14b5aee \
    --hash=sha256:b607cafc24b10a615e713ee96e58208ef27e0764af80140c7cc45d4724a3f2df \
    --hash=sha256:c2bce3cd472fec3dd9c4d8a3ea5b6b9be65fb30edf760beb4850760dd4f2d479 \
    --hash=sha256:c2cbc415e02523e5a241eecee82319080bf928a70b1ba299f3b3e25bf029b6d4 \
    --hash=sha256:ebe9502689b946301584b3cfacdbc70c58c4d664d804e39b6daa31be5c20bf46 \
    --hash=sha256:f117683108c54330d6dc67a708e3724c13c9989885122a29781296872989a222 \
    --hash=sha256:f2b52dc1757fff0fed29a9f7a276d971a11db4211569ed78b9eab36288dfcc9d \
    --hash=sha256:faeff8ede0cf15eb4ded44b0fcea6e1886740146e60504c24ad2da14e0939563 \
    --hash=sha256:fe7c693b2a84a4e03ca31e65aa05a2ecd8728137fa9909ccbf6453b4200b856d
    # via
    #   -r requirements.in
    #   leidenalg
joblib==1.6.0 \
    --hash=sha256:2ccc96785b12046c08fd6d55839c12857831b54a3c1673ffadd2f04bfc4eda03 \
    --hash=sha256:3dbbf9f6e4b592a2357b854608e980fe6390d131d7a82f011a377ef2ebef7aba
    # via
    #   hdbscan
    #   scikit-learn
leidenalg==0.12.0 \
    --hash=sha256:283cd987623e2c5e7b11ed3f15b7805d597a934bf387a7e820d2f673001b635f \
    --hash=sha256:2e0e1c2321c2e06a7f4f8a73ca15fcd54e0139a62afb448933c42badcfab8adc \
    --hash=sha256:43176c9470648098f6b642a6e070a12e65ef347700059da9132fefdf98e70df9 \
    --hash=sha256:5f6a97f698f13a588e1ae7344908cddee9f87d33acc226fc5c5b99752ebd71f8 \
    --hash=sha256:63b49f5716c7cb155f3a3e25505bcc33f3c8c62105734fc152bc07518e63e9ab \
    --hash=sha256:65466be8f6b14117cc285d4d785bedec8fc6792c48cf89a3df3551dba36fb782 \
    --hash=sha256:78df2e463f3ffffffda590e9b0d790107e59f722f095731b78a58803d1ca92e5 \
    --hash=sha256:96eec407f540d9ddb0c103dadc632d5519cfcdb39689fb21ae0ceeaa97bb2ec3 \
    --hash=sha256:b213229d8aa2708117642b478d5b51cae2cfeddf9d80aa98667fe7260119c3ee \
    --hash=sha256:b48e26f746b3f3cee49d609f42b0eb4c3e80a174e16d13c6e371d9a555c93419 \
    --hash=sha256:c6a6231d3db490ee3cc4004f214b0bb947dc3fabde75bd61d878bc3fb9685d06 \
    --hash=sha256:c81a45a2fb874fe71e903d43a869d0efeb7f907af70476c03f6945ef0e8f44c5 \
    --hash=sha256:ecf067611776bf3acf33afcd1ecd8a381f67ab664c14e9530dd63eef0da646f8 \
    --hash=sha256:f5d9529b44d5f6add0847d68fa6ced99f581357f6ca02b54c049eb3a2f45ff04 \
    --hash=sha256:fcbd89655243cc739d28ba23fe894587d8d7235124a9248ba375819585e70090
    # via -r requirements.in
narwhals==2.26.0 \
    --hash=sha256:29326d74f107c347fd1009bd58e38d9f7c7c5b51e6de97bc93dbc325d9038b54 \
    --hash=sha256:6b9cadca82f375c7e4cf584fdc86ca25da54827307a9c58f94547ee6104b82dd
    # via scikit-learn
numpy==2.5.3 \
    --hash=sha256:012e66aca395d795496446e52aeeb5866312a5d4d3f27da270e5a0b43f70dc5c \
    --hash=sha256:09d5a423c71ad5feb5625844ad58050e35df43871004b52ac9c0ad44a56775be \
    --hash=sha256:09ffa5d903faeaa5c4dd05009cf81c8bab9f2cb37c548b8d39b65b4cfa7c97f7 \
    --hash=sha256:0a59a421a32580a009e8a1751345bf829631b990dc1794b80514ab722b435def \
    --hash=sha256:116f96cadd935c6122e9228d676fe7ede19e741f5c8bb1c3cddbe0c51ccebea2 \
    --hash=sha256:1302b90c0e52281681b2975adfe8a860cb7b12216a27b4b0b4207c44bf7bccf0 \
    --hash=sha256:15aa985ac73a8db02db7663381aa109510449d3819d37206caed27b33a65a8a6 \
    --hash=sha256:1aad64d99730d013cfc6debafed22783b4fc5a7f4b8bc744d2d8cf7dcc880551 \
    --hash=sha256:1c80eabb4035ecf4ca9cd49cde8a9fdd69a729e63e6474887d1523ade7aa277f \
    --hash=sha256:1f3ed25271581281f2fccb1adcedfcde4c07362eec69189b50baf6f90e3ae159 \
    --hash=sha256:1fb6f8fb9ff0b3a69f52c66ce397b0246583e9f28616231b0e32ca49259a5fa6 \
    --hash=sha256:214045a5bf00113a146ab9ee9730c44501af6723cdf1f6830932f7b5ef2e7af0 \
    --hash=sha256:26e15e4aecd8617dfbaecb37d223e365d7b39411fba20454be2670a96aa74cb5 \
    --hash=sha256:2c25dfa72943e4336ddb6b0ee4277b47a0c85bede0807530ec68103bf58e2c10 \
    --hash=sha256:2d8240cb4c16fd831074aa2b2cf9fc54664d826341d61c372245b96a74a49a9a \
    --hash=sha256:350ba9783ce969cf9f7ce6e6a9a58e1a6e2a19ca025b7ee448c4db727706212a \
    --hash=sha256:4c8a6d2ebce6305fd82fbefca827775437147052a976ee7c94b36a0c1b52ac6c \
    --hash=sha256:4f8929ee6c96bfbd7b4ed2032e0c03af86fe1826740ab61ddabf9072d06e57ff \
    --hash=sha256:536f963710a4e63934d80ac0dc4f478804a83e9a84b6828018f25d09953ada33 \
    --hash=sha256:54a115e5a73b8fc44f0cebef486365a1894b5c9760685d4558b72b7c3eb846e0 \
    --hash=sha256:595d020938c84e320bcf40ad71089e108eac0d377cd018e14a8c094f39e98d85 \
    --hash=sha256:66a78fe4556c60aceda5916f9eacd638b18e9e681016ec302dcb4682d6d4d034 \
    --hash=sha256:6b05c171afb3aa07adbd20abc00aea86fe375beb0fdb9ef780ec5b7f63bab1c0 \
    --hash=sha256:6cef4bb1706dfec49243c05d921eefb4e190d41e2528b30d8035ea1f36b4c24a \
    --hash=sha256:6f24021b9f22bc6301c37b196974a92c1c18dccedb6fef3dd252e95f2d6adbe4 \
    --hash=sha256:71b39d9f935b6ec0f8753e3e2afb51e3efba6f2e05b68b32a40754d24bcd4a3c \
    --hash=sha256:71cad2b2a7451ab79d8f5e71b453485b6775963d5cf794179144a7463fe6e8ec \
    --hash=sha256:76c2c1e6bfa5c84adc6434dfbf013aa92096a7985221762c8f11fedfd20fff58 \
    --hash=sha256:8617bbfae4486cf99c9f899966699428d19da931d06ca94ad3da986c76e15997 \
    --hash=sha256:86bff898a431c0fb71f7610b75726e75a54d47b37edc9d537f48de63bb3c0b90 \
    --hash=sha256:8e4dd766076855b5ff7ea52fa5f07ce26286726e0f8bff446b7739d02e6ea204 \
    --hash=sha256:92f30e89b8ee0ecf363033576c422b2f58fed6a80bed0aa48dff6d14c654663e \
    --hash=sha256:93e1f5447e2b1e479d7bd74701e84746b86450cff1fc368b132d195e2b8f8211 \
    --hash=sha256:9a37475425b431b4d060f23b4f52cd2f3aef6bc7c654bd760adf0040eec9d435 \
    --hash=sha256:9deb49575e5b0b94ed72c8a64ec4d033381adc27e9060ae842971f697ba96104 \
    --hash=sha256:a5fa86b80fd24bcd1aff83ad23be44ea323de3f787be8f8b15d4a65621e25321 \
    --hash=sha256:a6391fafaba97500887132cd582abc6e19452b1ac775a47caa7b24490e152058 \
    --hash=sha256:a72f874bc9e10e4b8f80426fb49716d5141f64442a0c8418065093ec8017fbb0 \
    --hash=sha256:ac7bb1c52d445bd4f8f7f97fefe6abc3a084dc4d63df50d79b17fa2b78e89297 \
    --hash=sha256:adc1ada2662f8a5f960b8a10d9986897e7499ef07e06d4cfe7197f8cce923c07 \
    --hash=sha256:b00eefbcf0f292945c4b4dec2ae845389ef5bcdcd596e6e4328051db5b5ba694 \
    --hash=sha256:b0521d0f4aebb6e06189451025fa17a913287b13c03d5fe05c017333b654ea5b \
    --hash=sha256:b5d93cf48f687479941d12b69c873ad2cc76bbd487f0091c2200636497f34034 \
    --hash=sha256:b7e18c623bb5c95acb3b3328861272816ba199fb531921c5d6d0b675f1fde9e3 \
    --hash=sha256:bd4cb9ad3c7889b9b3fe0a9a9fb5d2ed26f9879bff2608d9f01aed147a20d231 \
    --hash=sha256:be5a8381859b6da607c84f4f7d6847725f1cf1853ef8a2c9e115b7d58bef47dc \
    --hash=sha256:befa1ae5bd6030b3f512b43ff3fa5290bbed6b84411a44244b14adf835f5b89d \
    --hash=sha256:bf63afbe037eb5d2fe87fbcc7778e61da53ebaf21d938a4515aa73b62532a5d4 \
    --hash=sha256:c00abe94c1a69d75d827dcf1c025b25c8a45d230b3bcd77a9020883a1b047653 \
    --hash=sha256:c2381f82999704f818e2c987a865050e285ec3621262c66d40f5a96c8f899f8e \
    --hash=sha256:c76d5dde9f445058f83d0c02af00557a4db91de9a9a57c0df87d1535001d654b \
    --hash=sha256:cb189f09db39283b26bfd061ec16189e14f71c6755207f72a0f7540867afe5b9 \
    --hash=sha256:ccb32e0525d29e8b0572eb84c9a57af0e7a4e615726927506f55063c62414034 \
    --hash=sha256:ccbc4665079665c3cf3bab4db9f6b095370cd6437d66be549b6c2a1fd19e1958 \
    --hash=sha256:d1c89973648c85069c5046ad460f7b8a00218b29a2e42359ac8cc63e9ab94832 \
    --hash=sha256:df2d5874ff183595a4ba404edd04f6bd9b5505c1d7708573f6a6c17489a67563 \
    --hash=sha256:e01c918ac3d48e18a927cf7b14a26a3e29ff2bdf2eacb976da0aecd6a43ed034 \
    --hash=sha256:e6ab667ba76450084eb64013762c438ea76d9d29cc676dcd6c2e9892ba37f841 \
    --hash=sha256:e931e4f499e0dc7ef29d269a8e5b35dd722e5d14be07df6240166ea7c6532fae \
    --hash=sha256:f54660b0eb6b0b9f36e7fe1cdfdff472028dd0d14acd9b9b65098efbad059469 \
    --hash=sha256:f59a878c33d6b88122d80d239bb3b845d58708750b0cb06a09aebb9b18ec696c \
    --hash=sha256:f7fabeb6cea87d65f3b926de33d03fb016cfdc29314c90974383b5582ae72891 \
    --hash=sha256:f9579f383d1bf9df80081e72760e84960a7fd4f88cf0c9e535a8597c9bb646f5 \
    --hash=sha256:f9a2353b37a1a9e78fd82b27ad7e2a32a2d036604d18f02b05e3136c62ca3b09 \
    --hash=sha256:fc36dc566135b5eceec4cf89758fcb719266a019ef07dae1754ae7c9f617ef3e \
    --hash=sha256:ffdc76bfcae6b255dff75202c5e7feaf95b40246bc0a17944facc1fecf9f79ab
    # via
    #   faiss-cpu
    #   hdbscan
    #   scikit-learn
    #   scipy
packaging==26.3 \
    --hash=sha256:94edc256424af38762eb31306eed28beb9f0efc50a8837492c9d6fd6004aed79 \
    --hash=sha256:d7193f7c8e4e93f444fde0262bf90af30e16fa0ad0ad44cb553c87339b23cd1c
    # via faiss-cpu
psutil==7.2.2 \
    --hash=sha256:0746f5f8d406af344fd547f1c8daa5f5c33dbc293bb8d6a16d80b4bb88f59372 \
    --hash=sha256:076a2d2f923fd4821644f5ba89f059523da90dc9014e85f8e45a5774ca5bc6f9 \
    --hash=sha256:11fe5a4f613759764e79c65cf11ebdf26e33d6dd34336f8a337aa2996d71c841 \
    --hash=sha256:1a571f2330c966c62aeda00dd24620425d4b0cc86881c89861fbc04549e5dc63 \
    --hash=sha256:1a7b04c10f32cc88ab39cbf606e117fd74721c831c98a27dc04578deb0c16979 \
    --hash=sha256:1fa4ecf83bcdf6e6c8f4449aff98eefb5d0604bf88cb883d7da3d8d2d909546a \
    --hash=sha256:2edccc433cbfa046b980b0df0171cd25bcaeb3a68fe9022db0979e7aa74a826b \
    --hash=sha256:7b6d09433a10592ce39b13d7be5a54fbac1d1228ed29abc880fb23df7cb694c9 \
    --hash=sha256:8c233660f575a5a89e6d4cb65d9f938126312bca76d8fe087b947b3a1aaac9ee \
    --hash=sha256:917e891983ca3c1887b4ef36447b1e0873e70c933afc831c6b6da078ba474312 \
    --hash=sha256:ab486563df44c17f5173621c7b198955bd6b613fb87c71c161f827d3fb149a9b \
    --hash=sha256:ae0aefdd8796a7737eccea863f80f81e468a1e4cf14d926bd9b6f5f2d5f90ca9 \
    --hash=sha256:b0726cecd84f9474419d67252add4ac0cd9811b04d61123054b9fb6f57df6e9e \
    --hash=sha256:b58fabe35e80b264a4e3bb23e6b96f9e45a3df7fb7eed419ac0e5947c61e47cc \
    --hash=sha256:c7663d4e37f13e884d13994247449e9f8f574bc4655d509c3b95e9ec9e2b9dc1 \
    --hash=sha256:e452c464a02e7dc7822a05d25db4cde564444a67e58539a00f929c51eddda0cf \
    --hash=sha256:e78c8603dcd9a04c7364f1a3e670cea95d51ee865e4efb3556a3a63adef958ea \
    --hash=sha256:eb7e81434c8d223ec4a219b5fc1c47d0417b12be7ea866e24fb5ad6e84b3d988 \
    --hash=sha256:ed0cace939114f62738d808fdcecd4c869222507e266e574799e9c0faa17d486 \
    --hash=sha256:eed63d3b4d62449571547b60578c5b2c4bcccc5387148db46e0c2313dad0ee00 \
    --hash=sha256:fd04ef36b4a6d599bbdb225dd1d3f51e00105f6d48a28f006da7f9822f2606d8
    # via -r requirements.in
scikit-learn==1.9.0 \
    --hash=sha256:051075bda8b7aab87b1906ab3d4740a1e1224a19d7b3781a576736edc94e76aa \
    --hash=sha256:056c92bb67ad4c28463c2f2653d9701449201e7e7a9e94e321be0f71c4fef2b8 \
    --hash=sha256:147e9329ef0e39f75d4cffa02b2aa48d827832684926cd5210d9a2cb5c57246b \
    --hash=sha256:1b944b6db288f6b926e3650026ddafb988929de95d11fc2cc5fa117773c9ba42 \
    --hash=sha256:1fea2cc5677ab49d6f5bade978c866da44957b712d92e9635e8b4f723013c3cb \
    --hash=sha256:24360002ae845e7866522b0a5bbf690802e7bc388cac8663502e78aa98598aa2 \
    --hash=sha256:26e22435f63bcdcf396b574273f29f13dd531f5ea035801f5be10ba1540a4e60 \
    --hash=sha256:2bd41b0d201bc81575531b96b713d3eb5e5f50fb0b82101ff0f92294fdc236ac \
    --hash=sha256:366652351f092b219c248f1e72821e841960a63d8f358f1dcfd54dc1cbdbbc28 \
    --hash=sha256:38c3dcb9a1ffb85505ec53d54c7b4aea0cff70050425a7760c2af661ac85df05 \
    --hash=sha256:4306775fad04cc4b472a1b15af1ae9cede1540fbfcc17fbce3767cd8dc7ae283 \
    --hash=sha256:4ccacf04ca5f4b492158a5f28afe0ace43f81b2571e4b9a66d34848b46128949 \
    --hash=sha256:5162ad10a418c8a282dde04c9aa06965de3e9a65f33c1440c0ae69bb1a09d913 \
    --hash=sha256:5808d98f15c6bf6d9d96d2348c1997392a5888ce7097e664105f930c4bca1277 \
    --hash=sha256:5b934c45c252844a91d69fda3a34cff5e7307e1db10d77cb10a3980312c74713 \
    --hash=sha256:5bad8f8b9950321b54c965fdcbac6c6c55e79e16646b49977bcf3668d3870a1a \
    --hash=sha256:5be45aa4a42a68a533913a6ed736cf309de2226411c79ef8d609a5456f1939b1 \
    --hash=sha256:5dc1818c77575d149e25fce9ef82dd7b7263ae372f03494158668ad632a69759 \
    --hash=sha256:5e50ed4da51974e86e940690e9a3d82e729b62b5a49f7c9bac534d515d39d86f \
    --hash=sha256:64fa347efc1c839c487433e40c5144d38c336e8a2b59c81aa8660373945c2673 \
    --hash=sha256:78fc56eafd4edb9575d2d8950d1dd152061abb573341a1cb7e099fc40f6c6666 \
    --hash=sha256:80746d63bd4b6eaca54d36fe5feaf4d28bb38dc6f9470f81c7cad7c40155f119 \
    --hash=sha256:8833266989d3a5110178a9fae30783675460724d0e1efb13b14901d2c660c557 \
    --hash=sha256:9656acd4e93f74e0b66c8a36c88830a99252dfa900044d36bc2212ae89a47162 \
    --hash=sha256:9db6f4d34e68c8899e4cab27fdf8eafe6ed21f2ba52ceb25ea250cd237f8e47b \
    --hash=sha256:d77f54c017633791bc0225a43e2f8d03745fdcfe4880268fcc4df15f505dec2e \
    --hash=sha256:da76d09304a4706db7cc1e3ebaa3b6b98a67365cc11d2996c4f1e58ba47df714 \
    --hash=sha256:ee1a8db2c18c08e34c7412d4b10be1cac214cd4ea7dc9715a6a327eb49a37c96 \
    --hash=sha256:f401448645a3e7bc115aa3c094097865155b34bff1cba8101857d9104e99074c \
    --hash=sha256:f7e254636164090da847715a27f8e5478feb98c40a9e0ee90cbd277de9e5ceb8 \
    --hash=sha256:fd3a8ef0c758555a3b23c03adaa858af32f7736785ded50ad5991f59c4ed03fa
    # via hdbscan
scipy==1.18.1 \
    --hash=sha256:011413b7426b75012840e35649e00fe0a2c3bae89fed433876e3a99251572efc \
    --hash=sha256:0ac49ea97594532dd44b7136094d35f5440fa06e6d9c6384a74c01764df388c5 \
    --hash=sha256:0e82073ecc7acc6436fac4b31674109c7e1d3e596789767eda01258a8c9e8123 \
    --hash=sha256:0fcb3c93519f27bb4f0c4b0f7802cdcaca7fcf93267b75edda2e9f4e8a55cbd7 \
    --hash=sha256:10ac20c69d880f77f375db44c22e3e6a644f9fefa291d4cd2fb9790a89fc99fd \
    --hash=sha256:11c423f1049c5755ad4409af52a9ada1cff96fe9b50795d4af3619f292901239 \
    --hash=sha256:179ce34a8d0fe273d8883ba59e17e052247d08973dfcb743ca52bb1cce2d60b0 \
    --hash=sha256:1bca3b943fc2567ea49cd02c99abde49da4d5178ec46f624bd8255cda8755beb \
    --hash=sha256:1d73131e358976663dd969e1fb4ed1404b815cd977eaaedc3b3a133ba2d81c35 \
    --hash=sha256:2a0b02f9fc46f8520330c23d45e6560db7e3a0d927232139427637f98943e11d \
    --hash=sha256:2d3ab0e8c69a17dd3559eab8cbb88f258e285c94d572c2719033f90f83290c89 \
    --hash=sha256:30f464bee641fa8e282577c7dce027308403213c6ca8270bba73285c91024bc5 \
    --hash=sha256:33a834464fdabc0f26a45508df31b3cc5d028e04dbf6c5ed398541418e0a12fe \
    --hash=sha256:3ab3523da44749156e1f68b464dc56af11ae4cbc5c739a49d05f32b982eca9f3 \
    --hash=sha256:3c085faa2cfa879c5141df483f836f4d691045a078224a670fa570fa01612d89 \
    --hash=sha256:457fd7a2a8edeb044ab6ffbc0aa03ff6cd18491356e5e0c834d76ce621b916d1 \
    --hash=sha256:49023963c193dacee096301452f223ee24d86ec5807f8df93c0f7221d119e305 \
    --hash=sha256:52c4b7422442aba924d03ad4019852b08a92e64ea187b933135687bfe2747307 \
    --hash=sha256:559ed65f60c1af5a03f3912605a1b5114f522c7c32fb23c3376ae8f03219fe28 \
    --hash=sha256:5632e3ae3d09197c446310cd5187de63e28448ce22f0f67b2b93d97503c0c230 \
    --hash=sha256:5e4d44984abc0020154ea81b247adeddcc3ac5527b975ff798bd1ba0adc513c2 \
    --hash=sha256:75b00eb8fb802090aa903f4ea1c7f5a584779f967361e68b7e98e531cc2d7174 \
    --hash=sha256:78a0d7c918e74a232394117160e7e3db503377572a45bcef8826e4ab8a35feba \
    --hash=sha256:78c0665edead396b1abb4897c41a5c1d9bf090c8a637a4c20a61678e0a264e66 \
    --hash=sha256:7bbf207c4453ce1ad2e00b17313852b33310b83090c2311bdaf97f93c0380d12 \
    --hash=sha256:7f4b8bc363b6d65ee2152bec57568e3c52639bb34c46057b09857a307ed5e21d \
    --hash=sha256:82f201b4c878551d48558337aab270d3c6cca5507b8737c8d8a608d234cccde0 \
    --hash=sha256:83de5453a7799afc9048b4616bd085cef126e36412f0ea2f6370c36a2a3a51e7 \
    --hash=sha256:88f0e784020649f88ea48c9f5ddfa403bf9205820667c0914740b392035afb82 \
    --hash=sha256:8bcf3c1ba5d6456e2effd30fcbd3459b044d683fcdac79a2e6830f0bdf7de487 \
    --hash=sha256:911de823097db8b63f034299d12662db93344e6ffa0b881cbb57748974b70168 \
    --hash=sha256:92c14f5bdbfb6216315ce33e78080474082de8b3830122ba97809bfbe65f75c0 \
    --hash=sha256:95298364e251be3e60249facbeeca03631d3bb7584f85879516ec55ac717b81f \
    --hash=sha256:9554bcc6d715ee87a633a3cc8e7703c6628b100dd29cb8a2efc4c0533c7ff729 \
    --hash=sha256:9f2897bf7737392ad0d5213ea7b6add72a4edf5679b3153106aeb88b6507b3b9 \
    --hash=sha256:a1d33a7836f7ddc1993427966a0823468ec41bcbdb1a9f9942d1d7e57f803ba3 \
    --hash=sha256:ac0333bdf38309aa3dcbe7e3fa7ea29e7a2c37c6ea306a757b700ded8e4596ad \
    --hash=sha256:bff0b729edd992766136b34e39cc76bc2fad905aa58897ee72a9cd000a6d8443 \
    --hash=sha256:c24acac1e18912761c4700239bbc1fd32f615af690f1584d49b35859be51324d \
    --hash=sha256:c35d74ce0e193ff740c2f2be2ac913ddc232fe6c1ff40b26cfecb9c670c63314 \
    --hash=sha256:c825cef2f49e46753726a7181a8e199804a912b29519ada542c6ebc654951899 \
    --hash=sha256:c9d18a33309122074ea483dd92dd444189166b8b2ec429fe9ed5ac73c7a0aa23 \
    --hash=sha256:cbf38d043c1aa4ab306e1ada6ab6eddacc3322a20b7af1b30bc93254b366fe09 \
    --hash=sha256:cd479fc04dd9401e3b4f49e76518768ef99c4f517a98c284eb091fd725719adf \
    --hash=sha256:ceb30a00ce7c92d459819443d29ca486d882b83fb6738bdcbb2a1cce94ac5daa \
    --hash=sha256:cfbf154f2ba187f2ed6cce2639efff7d105f1140573642c0161615b6d91d6a87 \
    --hash=sha256:d2924a03db38dc2e848bca2fe9f077dafb891480b91a00a0963a8cf86dfc31c1 \
    --hash=sha256:d416b16cccfd70fbf62400e84d0bb2f4e6af519a45557f1692c749b37f14b315 \
    --hash=sha256:d65d448389b8436493abcf629cc94ad0cf32aecaf06e1acca1de53cc795f2f12 \
    --hash=sha256:d84a09d0dad90ba6525d8ac1c2334b33e64bf3ccfe9e841f02feb867a22681e4 \
    --hash=sha256:ddef79fb382df40104a19bb7151b3b23e57c1778fcf857c71ceecd9bd264513f \
    --hash=sha256:e3b417bf8c2c7c16e8f58ad91db17783ec911ac16e7b50eb6eab6e809b4f5b07 \
    --hash=sha256:e402cf31eb68f453dbb2d36fc6d722b33f24a55d68b2ae1d92fa6305ca71c298 \
    --hash=sha256:e6fb6a55cc0ba97b59a1f288fb86dc6fce8bdfc0fffcbfd015e3a954bf2a2d93 \
    --hash=sha256:e708533e8b2ae2497d65346538a7dcc92814410b25b81432eac66de0f2af8265 \
    --hash=sha256:ea324d9dd34c38bfb9bec8ca4d1b407db97dbb74029f566b8e322b1b6fe56fe6 \
    --hash=sha256:eb0dfcf4e28a99c12c999744a2ff67c9b06200e20401c7c88186e33552a46331 \
    --hash=sha256:eda632a7981f69730d6281f451db9c1c370993a2c0d7ddb43e2a809a2862b83a \
    --hash=sha256:f29633129f9fa7e88a3f0fca835de2d030bfc9643f7799e1a0c46cee24d38fc7 \
    --hash=sha256:f55fa87b6c612ecd6b058f167c53231b1d14e412efe361d3d6e38b3631c73218 \
    --hash=sha256:fdaf5ea890a6183d0565f51a61799d67081bd5b1cf03c5f4b3fd3732108625c9
    # via
    #   hdbscan
    #   scikit-learn
texttable==1.7.0 \
    --hash=sha256:2d2068fb55115807d3ac77a4ca68fa48803e84ebb0ee2340f858107a36522638 \
    --hash=sha256:72227d592c82b3d7f672731ae73e4d1f88cd8e2ef5b075a7a7f01a23a3743917
    # via igraph
threadpoolctl==3.6.0 \
    --hash=sha256:43a0b8fd5a2928500110039e43a5eed8480b918967083ea48dc3ab9f13c4a7fb \
    --hash=sha256:8ab8b4aa3491d812b623328249fab5302a68d2d71745c8a4c719a2fcaba9f44e
    # via scikit-learn
